
Microsoft Visual Studio Solution File, Format Version 12.00
# Visual Studio Version 16
VisualStudioVersion = 16.0.28803.452
MinimumVisualStudioVersion = 10.0.40219.1
Project("{9A19103F-16F7-4668-BE54-9A1E7A4F7556}") = "WS2_1_Patient", "WS2_1_Patient\WS2_1_Patient.csproj", "{216C29C0-FE24-4603-994B-903360F05017}"
EndProject
Project("{9A19103F-16F7-4668-BE54-9A1E7A4F7556}") = "WS2_2_ExaminationRoom", "WS2_2_ExaminationRoom\WS2_2_ExaminationRoom.csproj", "{620AC8AE-D5EA-4C6E-8FBF-3CD295C7963B}"
EndProject
Project("{9A19103F-16F7-4668-BE54-9A1E7A4F7556}") = "WS2_3_PatientsAndDoctors", "WS2_3_PatientsAndDoctors\WS2_3_PatientsAndDoctors.csproj", "{8008D614-A2B8-4960-B326-F3B86393B62D}"
EndProject
Project("{9A19103F-16F7-4668-BE54-9A1E7A4F7556}") = "WS2_4_ExplicitTypeCast", "WS2_4_ExplicitTypeCast\WS2_4_ExplicitTypeCast.csproj", "{06F20C76-7CAE-43C9-9FF4-08C05C6FED65}"
EndProject
Project("{9A19103F-16F7-4668-BE54-9A1E7A4F7556}") = "WS2_5_SpecialCharacters", "WS2_5_SpecialCharacters\WS2_5_SpecialCharacters.csproj", "{FCE1D0A4-D7B0-4BA1-987E-F6275F0D6050}"
EndProject
Project("{9A19103F-16F7-4668-BE54-9A1E7A4F7556}") = "WS3_1_ContactDetails", "WS3_1_ContactDetails\WS3_1_ContactDetails.csproj", "{647BABD1-A990-4542-B9B8-711618140717}"
EndProject
Project("{9A19103F-16F7-4668-BE54-9A1E7A4F7556}") = "WS3_2_CurrencyConverter", "WS3_2_CurrencyConverter\WS3_2_CurrencyConverter.csproj", "{E5C8F366-3BD5-48FD-9617-46B53A1E7DF3}"
EndProject
Project("{9A19103F-16F7-4668-BE54-9A1E7A4F7556}") = "WS3_3_Age", "WS3_3_Age\WS3_3_Age.csproj", "{7D083813-AF5D-4EA9-90DC-A3447544CA44}"
EndProject
Project("{9A19103F-16F7-4668-BE54-9A1E7A4F7556}") = "WS3_4_Weekday", "WS3_4_Weekday\WS3_4_Weekday.csproj", "{F443B90B-17E3-4FE9-A2B6-DB7C4A61CA58}"
EndProject
Project("{9A19103F-16F7-4668-BE54-9A1E7A4F7556}") = "WS3_5_MorningChores", "WS3_5_MorningChores\WS3_5_MorningChores.csproj", "{4C2CCBB8-2C33-4646-B297-FD52960028FB}"
EndProject
Project("{9A19103F-16F7-4668-BE54-9A1E7A4F7556}") = "WS3_6_LeapYear", "WS3_6_LeapYear\WS3_6_LeapYear.csproj", "{DA153BAB-E3D8-4FB5-B95F-67FE882B568C}"
EndProject
Project("{9A19103F-16F7-4668-BE54-9A1E7A4F7556}") = "WS4_1_NumberComparer", "WS4_1_NumberComparer\WS4_1_NumberComparer.csproj", "{7DDCC9F4-88EA-442E-9501-C0E8A2DC2233}"
EndProject
Project("{9A19103F-16F7-4668-BE54-9A1E7A4F7556}") = "WS4_2_EmailValidation", "WS4_2_EmailValidation\WS4_2_EmailValidation.csproj", "{C49DD094-6BF0-455B-8964-60F0A2406D9A}"
EndProject
Project("{9A19103F-16F7-4668-BE54-9A1E7A4F7556}") = "WS3_7_LeapYear2", "WS3_7_LeapYear2\WS3_7_LeapYear2.csproj", "{D5006EB0-2BC3-467D-8255-A61A89B714A1}"
EndProject
Project("{9A19103F-16F7-4668-BE54-9A1E7A4F7556}") = "WS4_3_PrintingAMenu", "WS4_3_PrintingAMenu\WS4_3_PrintingAMenu.csproj", "{F907925F-8BE7-49D6-8894-C718B0FDB241}"
EndProject
Project("{9A19103F-16F7-4668-BE54-9A1E7A4F7556}") = "WS4_4_UsernameAndPassword", "WS4_4_UsernameAndPassword\WS4_4_UsernameAndPassword.csproj", "{AD1F639E-A44E-42C4-A22B-CB31E042CA0B}"
EndProject
Project("{9A19103F-16F7-4668-BE54-9A1E7A4F7556}") = "WS4_5_RecordStore", "WS4_5_RecordStore\WS4_5_RecordStore.csproj", "{89561437-A2BC-4BB0-910E-070A1C40BE6B}"
EndProject
Project("{9A19103F-16F7-4668-BE54-9A1E7A4F7556}") = "WS4_6_PinCode", "WS4_6_PinCode\WS4_6_PinCode.csproj", "{A6EC5D6E-7444-4739-A00A-3B430762563D}"
EndProject
Project("{9A19103F-16F7-4668-BE54-9A1E7A4F7556}") = "WS4_7_PrintingAMenu2", "WS4_7_PrintingAMenu2\WS4_7_PrintingAMenu2.csproj", "{ACB7E693-CA3A-4597-8D4B-14AC61A3D5FD}"
EndProject
Project("{9A19103F-16F7-4668-BE54-9A1E7A4F7556}") = "WS5_1_MultiplicationTable", "WS5_1_MultiplicationTable\WS5_1_MultiplicationTable.csproj", "{67F2EDA2-FC2B-423B-BDD5-2C88DFF89D44}"
EndProject
Project("{9A19103F-16F7-4668-BE54-9A1E7A4F7556}") = "WS5_2_ExchangeRateTable", "WS5_2_ExchangeRateTable\WS5_2_ExchangeRateTable.csproj", "{0646AB85-EC26-4F05-A315-B0CC28F1513E}"
EndProject
Project("{9A19103F-16F7-4668-BE54-9A1E7A4F7556}") = "WS5_3_CountingCharacters", "WS5_3_CountingCharacters\WS5_3_CountingCharacters.csproj", "{F5EB3761-0D30-4DC1-BB01-E88432A80BDB}"
EndProject
Project("{FAE04EC0-301F-11D3-BF4B-00C04F79EFBC}") = "WS5_4_LeapYearTable", "WS5_4_LeapYearTable\WS5_4_LeapYearTable.csproj", "{8980E034-8247-461C-9988-FF675F427DE6}"
EndProject
Project("{FAE04EC0-301F-11D3-BF4B-00C04F79EFBC}") = "WS5_5_OtherWayRound", "WS5_5_OtherWayRound\WS5_5_OtherWayRound.csproj", "{58253EEE-4FE9-4CB8-A44B-DC7B8BB3F91A}"
EndProject
Project("{FAE04EC0-301F-11D3-BF4B-00C04F79EFBC}") = "WS5_6_Palindrome", "WS5_6_Palindrome\WS5_6_Palindrome.csproj", "{B57A30AA-48F0-4017-AAD0-8EBA56EBF1AA}"
EndProject
Project("{FAE04EC0-301F-11D3-BF4B-00C04F79EFBC}") = "WS5_7_LetterGuessing", "WS5_7_LetterGuessing\WS5_7_LetterGuessing.csproj", "{285B3337-0D6F-4C7B-AB41-192D46610927}"
EndProject
Project("{FAE04EC0-301F-11D3-BF4B-00C04F79EFBC}") = "WS5_8_Triangle", "WS5_8_Triangle\WS5_8_Triangle.csproj", "{9350D5FD-C48F-4B9F-AAA5-9A17EB95AB56}"
EndProject
Project("{FAE04EC0-301F-11D3-BF4B-00C04F79EFBC}") = "WS5_9_Hangman", "Hangman\WS5_9_Hangman.csproj", "{745F986C-3104-47FF-B09F-5BD13278C1AE}"
EndProject
Global
	GlobalSection(SolutionConfigurationPlatforms) = preSolution
		Debug|Any CPU = Debug|Any CPU
		Release|Any CPU = Release|Any CPU
	EndGlobalSection
	GlobalSection(ProjectConfigurationPlatforms) = postSolution
		{216C29C0-FE24-4603-994B-903360F05017}.Debug|Any CPU.ActiveCfg = Debug|Any CPU
		{216C29C0-FE24-4603-994B-903360F05017}.Debug|Any CPU.Build.0 = Debug|Any CPU
		{216C29C0-FE24-4603-994B-903360F05017}.Release|Any CPU.ActiveCfg = Release|Any CPU
		{216C29C0-FE24-4603-994B-903360F05017}.Release|Any CPU.Build.0 = Release|Any CPU
		{620AC8AE-D5EA-4C6E-8FBF-3CD295C7963B}.Debug|Any CPU.ActiveCfg = Debug|Any CPU
		{620AC8AE-D5EA-4C6E-8FBF-3CD295C7963B}.Debug|Any CPU.Build.0 = Debug|Any CPU
		{620AC8AE-D5EA-4C6E-8FBF-3CD295C7963B}.Release|Any CPU.ActiveCfg = Release|Any CPU
		{620AC8AE-D5EA-4C6E-8FBF-3CD295C7963B}.Release|Any CPU.Build.0 = Release|Any CPU
		{8008D614-A2B8-4960-B326-F3B86393B62D}.Debug|Any CPU.ActiveCfg = Debug|Any CPU
		{8008D614-A2B8-4960-B326-F3B86393B62D}.Debug|Any CPU.Build.0 = Debug|Any CPU
		{8008D614-A2B8-4960-B326-F3B86393B62D}.Release|Any CPU.ActiveCfg = Release|Any CPU
		{8008D614-A2B8-4960-B326-F3B86393B62D}.Release|Any CPU.Build.0 = Release|Any CPU
		{06F20C76-7CAE-43C9-9FF4-08C05C6FED65}.Debug|Any CPU.ActiveCfg = Debug|Any CPU
		{06F20C76-7CAE-43C9-9FF4-08C05C6FED65}.Debug|Any CPU.Build.0 = Debug|Any CPU
		{06F20C76-7CAE-43C9-9FF4-08C05C6FED65}.Release|Any CPU.ActiveCfg = Release|Any CPU
		{06F20C76-7CAE-43C9-9FF4-08C05C6FED65}.Release|Any CPU.Build.0 = Release|Any CPU
		{FCE1D0A4-D7B0-4BA1-987E-F6275F0D6050}.Debug|Any CPU.ActiveCfg = Debug|Any CPU
		{FCE1D0A4-D7B0-4BA1-987E-F6275F0D6050}.Debug|Any CPU.Build.0 = Debug|Any CPU
		{FCE1D0A4-D7B0-4BA1-987E-F6275F0D6050}.Release|Any CPU.ActiveCfg = Release|Any CPU
		{FCE1D0A4-D7B0-4BA1-987E-F6275F0D6050}.Release|Any CPU.Build.0 = Release|Any CPU
		{647BABD1-A990-4542-B9B8-711618140717}.Debug|Any CPU.ActiveCfg = Debug|Any CPU
		{647BABD1-A990-4542-B9B8-711618140717}.Debug|Any CPU.Build.0 = Debug|Any CPU
		{647BABD1-A990-4542-B9B8-711618140717}.Release|Any CPU.ActiveCfg = Release|Any CPU
		{647BABD1-A990-4542-B9B8-711618140717}.Release|Any CPU.Build.0 = Release|Any CPU
		{E5C8F366-3BD5-48FD-9617-46B53A1E7DF3}.Debug|Any CPU.ActiveCfg = Debug|Any CPU
		{E5C8F366-3BD5-48FD-9617-46B53A1E7DF3}.Debug|Any CPU.Build.0 = Debug|Any CPU
		{E5C8F366-3BD5-48FD-9617-46B53A1E7DF3}.Release|Any CPU.ActiveCfg = Release|Any CPU
		{E5C8F366-3BD5-48FD-9617-46B53A1E7DF3}.Release|Any CPU.Build.0 = Release|Any CPU
		{7D083813-AF5D-4EA9-90DC-A3447544CA44}.Debug|Any CPU.ActiveCfg = Debug|Any CPU
		{7D083813-AF5D-4EA9-90DC-A3447544CA44}.Debug|Any CPU.Build.0 = Debug|Any CPU
		{7D083813-AF5D-4EA9-90DC-A3447544CA44}.Release|Any CPU.ActiveCfg = Release|Any CPU
		{7D083813-AF5D-4EA9-90DC-A3447544CA44}.Release|Any CPU.Build.0 = Release|Any CPU
		{F443B90B-17E3-4FE9-A2B6-DB7C4A61CA58}.Debug|Any CPU.ActiveCfg = Debug|Any CPU
		{F443B90B-17E3-4FE9-A2B6-DB7C4A61CA58}.Debug|Any CPU.Build.0 = Debug|Any CPU
		{F443B90B-17E3-4FE9-A2B6-DB7C4A61CA58}.Release|Any CPU.ActiveCfg = Release|Any CPU
		{F443B90B-17E3-4FE9-A2B6-DB7C4A61CA58}.Release|Any CPU.Build.0 = Release|Any CPU
		{4C2CCBB8-2C33-4646-B297-FD52960028FB}.Debug|Any CPU.ActiveCfg = Debug|Any CPU
		{4C2CCBB8-2C33-4646-B297-FD52960028FB}.Debug|Any CPU.Build.0 = Debug|Any CPU
		{4C2CCBB8-2C33-4646-B297-FD52960028FB}.Release|Any CPU.ActiveCfg = Release|Any CPU
		{4C2CCBB8-2C33-4646-B297-FD52960028FB}.Release|Any CPU.Build.0 = Release|Any CPU
		{DA153BAB-E3D8-4FB5-B95F-67FE882B568C}.Debug|Any CPU.ActiveCfg = Debug|Any CPU
		{DA153BAB-E3D8-4FB5-B95F-67FE882B568C}.Debug|Any CPU.Build.0 = Debug|Any CPU
		{DA153BAB-E3D8-4FB5-B95F-67FE882B568C}.Release|Any CPU.ActiveCfg = Release|Any CPU
		{DA153BAB-E3D8-4FB5-B95F-67FE882B568C}.Release|Any CPU.Build.0 = Release|Any CPU
		{7DDCC9F4-88EA-442E-9501-C0E8A2DC2233}.Debug|Any CPU.ActiveCfg = Debug|Any CPU
		{7DDCC9F4-88EA-442E-9501-C0E8A2DC2233}.Debug|Any CPU.Build.0 = Debug|Any CPU
		{7DDCC9F4-88EA-442E-9501-C0E8A2DC2233}.Release|Any CPU.ActiveCfg = Release|Any CPU
		{7DDCC9F4-88EA-442E-9501-C0E8A2DC2233}.Release|Any CPU.Build.0 = Release|Any CPU
		{C49DD094-6BF0-455B-8964-60F0A2406D9A}.Debug|Any CPU.ActiveCfg = Debug|Any CPU
		{C49DD094-6BF0-455B-8964-60F0A2406D9A}.Debug|Any CPU.Build.0 = Debug|Any CPU
		{C49DD094-6BF0-455B-8964-60F0A2406D9A}.Release|Any CPU.ActiveCfg = Release|Any CPU
		{C49DD094-6BF0-455B-8964-60F0A2406D9A}.Release|Any CPU.Build.0 = Release|Any CPU
		{D5006EB0-2BC3-467D-8255-A61A89B714A1}.Debug|Any CPU.ActiveCfg = Debug|Any CPU
		{D5006EB0-2BC3-467D-8255-A61A89B714A1}.Debug|Any CPU.Build.0 = Debug|Any CPU
		{D5006EB0-2BC3-467D-8255-A61A89B714A1}.Release|Any CPU.ActiveCfg = Release|Any CPU
		{D5006EB0-2BC3-467D-8255-A61A89B714A1}.Release|Any CPU.Build.0 = Release|Any CPU
		{F907925F-8BE7-49D6-8894-C718B0FDB241}.Debug|Any CPU.ActiveCfg = Debug|Any CPU
		{F907925F-8BE7-49D6-8894-C718B0FDB241}.Debug|Any CPU.Build.0 = Debug|Any CPU
		{F907925F-8BE7-49D6-8894-C718B0FDB241}.Release|Any CPU.ActiveCfg = Release|Any CPU
		{F907925F-8BE7-49D6-8894-C718B0FDB241}.Release|Any CPU.Build.0 = Release|Any CPU
		{AD1F639E-A44E-42C4-A22B-CB31E042CA0B}.Debug|Any CPU.ActiveCfg = Debug|Any CPU
		{AD1F639E-A44E-42C4-A22B-CB31E042CA0B}.Debug|Any CPU.Build.0 = Debug|Any CPU
		{AD1F639E-A44E-42C4-A22B-CB31E042CA0B}.Release|Any CPU.ActiveCfg = Release|Any CPU
		{AD1F639E-A44E-42C4-A22B-CB31E042CA0B}.Release|Any CPU.Build.0 = Release|Any CPU
		{89561437-A2BC-4BB0-910E-070A1C40BE6B}.Debug|Any CPU.ActiveCfg = Debug|Any CPU
		{89561437-A2BC-4BB0-910E-070A1C40BE6B}.Debug|Any CPU.Build.0 = Debug|Any CPU
		{89561437-A2BC-4BB0-910E-070A1C40BE6B}.Release|Any CPU.ActiveCfg = Release|Any CPU
		{89561437-A2BC-4BB0-910E-070A1C40BE6B}.Release|Any CPU.Build.0 = Release|Any CPU
		{A6EC5D6E-7444-4739-A00A-3B430762563D}.Debug|Any CPU.ActiveCfg = Debug|Any CPU
		{A6EC5D6E-7444-4739-A00A-3B430762563D}.Debug|Any CPU.Build.0 = Debug|Any CPU
		{A6EC5D6E-7444-4739-A00A-3B430762563D}.Release|Any CPU.ActiveCfg = Release|Any CPU
		{A6EC5D6E-7444-4739-A00A-3B430762563D}.Release|Any CPU.Build.0 = Release|Any CPU
		{ACB7E693-CA3A-4597-8D4B-14AC61A3D5FD}.Debug|Any CPU.ActiveCfg = Debug|Any CPU
		{ACB7E693-CA3A-4597-8D4B-14AC61A3D5FD}.Debug|Any CPU.Build.0 = Debug|Any CPU
		{ACB7E693-CA3A-4597-8D4B-14AC61A3D5FD}.Release|Any CPU.ActiveCfg = Release|Any CPU
		{ACB7E693-CA3A-4597-8D4B-14AC61A3D5FD}.Release|Any CPU.Build.0 = Release|Any CPU
		{67F2EDA2-FC2B-423B-BDD5-2C88DFF89D44}.Debug|Any CPU.ActiveCfg = Debug|Any CPU
		{67F2EDA2-FC2B-423B-BDD5-2C88DFF89D44}.Debug|Any CPU.Build.0 = Debug|Any CPU
		{67F2EDA2-FC2B-423B-BDD5-2C88DFF89D44}.Release|Any CPU.ActiveCfg = Release|Any CPU
		{67F2EDA2-FC2B-423B-BDD5-2C88DFF89D44}.Release|Any CPU.Build.0 = Release|Any CPU
		{0646AB85-EC26-4F05-A315-B0CC28F1513E}.Debug|Any CPU.ActiveCfg = Debug|Any CPU
		{0646AB85-EC26-4F05-A315-B0CC28F1513E}.Debug|Any CPU.Build.0 = Debug|Any CPU
		{0646AB85-EC26-4F05-A315-B0CC28F1513E}.Release|Any CPU.ActiveCfg = Release|Any CPU
		{0646AB85-EC26-4F05-A315-B0CC28F1513E}.Release|Any CPU.Build.0 = Release|Any CPU
		{F5EB3761-0D30-4DC1-BB01-E88432A80BDB}.Debug|Any CPU.ActiveCfg = Debug|Any CPU
		{F5EB3761-0D30-4DC1-BB01-E88432A80BDB}.Debug|Any CPU.Build.0 = Debug|Any CPU
		{F5EB3761-0D30-4DC1-BB01-E88432A80BDB}.Release|Any CPU.ActiveCfg = Release|Any CPU
		{F5EB3761-0D30-4DC1-BB01-E88432A80BDB}.Release|Any CPU.Build.0 = Release|Any CPU
		{8980E034-8247-461C-9988-FF675F427DE6}.Debug|Any CPU.ActiveCfg = Debug|Any CPU
		{8980E034-8247-461C-9988-FF675F427DE6}.Debug|Any CPU.Build.0 = Debug|Any CPU
		{8980E034-8247-461C-9988-FF675F427DE6}.Release|Any CPU.ActiveCfg = Release|Any CPU
		{8980E034-8247-461C-9988-FF675F427DE6}.Release|Any CPU.Build.0 = Release|Any CPU
		{58253EEE-4FE9-4CB8-A44B-DC7B8BB3F91A}.Debug|Any CPU.ActiveCfg = Debug|Any CPU
		{58253EEE-4FE9-4CB8-A44B-DC7B8BB3F91A}.Debug|Any CPU.Build.0 = Debug|Any CPU
		{58253EEE-4FE9-4CB8-A44B-DC7B8BB3F91A}.Release|Any CPU.ActiveCfg = Release|Any CPU
		{58253EEE-4FE9-4CB8-A44B-DC7B8BB3F91A}.Release|Any CPU.Build.0 = Release|Any CPU
		{B57A30AA-48F0-4017-AAD0-8EBA56EBF1AA}.Debug|Any CPU.ActiveCfg = Debug|Any CPU
		{B57A30AA-48F0-4017-AAD0-8EBA56EBF1AA}.Debug|Any CPU.Build.0 = Debug|Any CPU
		{B57A30AA-48F0-4017-AAD0-8EBA56EBF1AA}.Release|Any CPU.ActiveCfg = Release|Any CPU
		{B57A30AA-48F0-4017-AAD0-8EBA56EBF1AA}.Release|Any CPU.Build.0 = Release|Any CPU
		{285B3337-0D6F-4C7B-AB41-192D46610927}.Debug|Any CPU.ActiveCfg = Debug|Any CPU
		{285B3337-0D6F-4C7B-AB41-192D46610927}.Debug|Any CPU.Build.0 = Debug|Any CPU
		{285B3337-0D6F-4C7B-AB41-192D46610927}.Release|Any CPU.ActiveCfg = Release|Any CPU
		{285B3337-0D6F-4C7B-AB41-192D46610927}.Release|Any CPU.Build.0 = Release|Any CPU
		{9350D5FD-C48F-4B9F-AAA5-9A17EB95AB56}.Debug|Any CPU.ActiveCfg = Debug|Any CPU
		{9350D5FD-C48F-4B9F-AAA5-9A17EB95AB56}.Debug|Any CPU.Build.0 = Debug|Any CPU
		{9350D5FD-C48F-4B9F-AAA5-9A17EB95AB56}.Release|Any CPU.ActiveCfg = Release|Any CPU
		{9350D5FD-C48F-4B9F-AAA5-9A17EB95AB56}.Release|Any CPU.Build.0 = Release|Any CPU
		{745F986C-3104-47FF-B09F-5BD13278C1AE}.Debug|Any CPU.ActiveCfg = Debug|Any CPU
		{745F986C-3104-47FF-B09F-5BD13278C1AE}.Debug|Any CPU.Build.0 = Debug|Any CPU
		{745F986C-3104-47FF-B09F-5BD13278C1AE}.Release|Any CPU.ActiveCfg = Release|Any CPU
		{745F986C-3104-47FF-B09F-5BD13278C1AE}.Release|Any CPU.Build.0 = Release|Any CPU
	EndGlobalSection
	GlobalSection(SolutionProperties) = preSolution
		HideSolutionNode = FALSE
	EndGlobalSection
	GlobalSection(ExtensibilityGlobals) = postSolution
		SolutionGuid = {69DA5E70-503B-4253-9E97-1E00D79ADF92}
	EndGlobalSection
EndGlobal
